// !$*UTF8*$!
{
	archiveVersion = 1;
	classes = {
	};
	objectVersion = 46;
	objects = {

/* Begin PBXBuildFile section */
		0207DA581B56EA530066E2B4 /* Images.xcassets in Resources */ = {isa = PBXBuildFile; fileRef = 0207DA571B56EA530066E2B4 /* Images.xcassets */; };
		11CEDA684D81447AAD1CF07F /* UserNotifications.framework in Frameworks */ = {isa = PBXBuildFile; fileRef = AC4748512E274B948CC351C8 /* UserNotifications.framework */; settings = {ATTRIBUTES = (Weak, ); }; };
		11D11647D73E46938076BA83 /* MessageUI.framework in Frameworks */ = {isa = PBXBuildFile; fileRef = 5DAE1AB689854AE18A9BF75C /* MessageUI.framework */; settings = {ATTRIBUTES = (Weak, ); }; };
		1D3623260D0F684500981E51 /* AppDelegate.m in Sources */ = {isa = PBXBuildFile; fileRef = 1D3623250D0F684500981E51 /* AppDelegate.m */; };
		1D60589B0D05DD56006BFB54 /* main.m in Sources */ = {isa = PBXBuildFile; fileRef = 29B97316FDCFA39411CA2CEA /* main.m */; };
		25524C5667374D1CAC2772EA /* SocialSharing.m in Sources */ = {isa = PBXBuildFile; fileRef = B25B553A95604BC299CBF453 /* SocialSharing.m */; };
		2770C24A1DEEC956000B5D95 /* TencentOpenApi_IOS_Bundle.bundle in Resources */ = {isa = PBXBuildFile; fileRef = 2770C2481DEEC956000B5D95 /* TencentOpenApi_IOS_Bundle.bundle */; };
		2770C24B1DEEC956000B5D95 /* TencentOpenAPI.framework in Frameworks */ = {isa = PBXBuildFile; fileRef = 2770C2491DEEC956000B5D95 /* TencentOpenAPI.framework */; };
		27D0AFEF1D94E41C00D8D653 /* CDVAppRate.m in Sources */ = {isa = PBXBuildFile; fileRef = 27D0AFEE1D94E41C00D8D653 /* CDVAppRate.m */; };
		27D9DCC81D93E9E10007BE3A /* AppDelegate+UmengAnalytics.m in Sources */ = {isa = PBXBuildFile; fileRef = 27D9DCC41D93E9E10007BE3A /* AppDelegate+UmengAnalytics.m */; };
		27D9DCCB1D93E9E90007BE3A /* libMobClickLibrary.a in Frameworks */ = {isa = PBXBuildFile; fileRef = 27D9DCC91D93E9E90007BE3A /* libMobClickLibrary.a */; };
		27D9DCCC1D93E9E90007BE3A /* libUMCheckUpdate.a in Frameworks */ = {isa = PBXBuildFile; fileRef = 27D9DCCA1D93E9E90007BE3A /* libUMCheckUpdate.a */; };
		27D9DCDB1D93E9FD0007BE3A /* ELCAlbumPickerController.m in Sources */ = {isa = PBXBuildFile; fileRef = 27D9DCCE1D93E9FD0007BE3A /* ELCAlbumPickerController.m */; };
		27D9DCDC1D93E9FD0007BE3A /* ELCAsset.m in Sources */ = {isa = PBXBuildFile; fileRef = 27D9DCD01D93E9FD0007BE3A /* ELCAsset.m */; };
		27D9DCDD1D93E9FD0007BE3A /* ELCAssetCell.m in Sources */ = {isa = PBXBuildFile; fileRef = 27D9DCD21D93E9FD0007BE3A /* ELCAssetCell.m */; };
		27D9DCDE1D93E9FD0007BE3A /* ELCAssetTablePicker.m in Sources */ = {isa = PBXBuildFile; fileRef = 27D9DCD61D93E9FD0007BE3A /* ELCAssetTablePicker.m */; };
		27D9DCDF1D93E9FD0007BE3A /* ELCImagePickerController.m in Sources */ = {isa = PBXBuildFile; fileRef = 27D9DCD81D93E9FD0007BE3A /* ELCImagePickerController.m */; };
		27D9DCE01D93E9FD0007BE3A /* SOSPicker.m in Sources */ = {isa = PBXBuildFile; fileRef = 27D9DCDA1D93E9FD0007BE3A /* SOSPicker.m */; };
		27D9DCE31D93E9FE0007BE3A /* CDVLogger.m in Sources */ = {isa = PBXBuildFile; fileRef = 27D9DCE21D93E9FE0007BE3A /* CDVLogger.m */; };
		27D9DCF01D93EA0B0007BE3A /* CTCrop.m in Sources */ = {isa = PBXBuildFile; fileRef = 27D9DCE51D93EA0B0007BE3A /* CTCrop.m */; };
		27D9DCF11D93EA0B0007BE3A /* PECropRectView.m in Sources */ = {isa = PBXBuildFile; fileRef = 27D9DCE71D93EA0B0007BE3A /* PECropRectView.m */; };
		27D9DCF21D93EA0B0007BE3A /* PECropView.m in Sources */ = {isa = PBXBuildFile; fileRef = 27D9DCE91D93EA0B0007BE3A /* PECropView.m */; };
		27D9DCF31D93EA0B0007BE3A /* PECropViewController.m in Sources */ = {isa = PBXBuildFile; fileRef = 27D9DCEB1D93EA0B0007BE3A /* PECropViewController.m */; };
		27D9DCF41D93EA0B0007BE3A /* PEResizeControl.m in Sources */ = {isa = PBXBuildFile; fileRef = 27D9DCED1D93EA0B0007BE3A /* PEResizeControl.m */; };
		27D9DCF51D93EA0B0007BE3A /* UIImage+PECrop.m in Sources */ = {isa = PBXBuildFile; fileRef = 27D9DCEF1D93EA0B0007BE3A /* UIImage+PECrop.m */; };
		27D9DCF81D93EA120007BE3A /* CDVDevice.m in Sources */ = {isa = PBXBuildFile; fileRef = 27D9DCF71D93EA120007BE3A /* CDVDevice.m */; };
		27D9DCFF1D93EA5E0007BE3A /* CDVAssetLibraryFilesystem.m in Sources */ = {isa = PBXBuildFile; fileRef = 27D9DCFA1D93EA5E0007BE3A /* CDVAssetLibraryFilesystem.m */; };
		27D9DD001D93EA5E0007BE3A /* CDVFile.m in Sources */ = {isa = PBXBuildFile; fileRef = 27D9DCFC1D93EA5E0007BE3A /* CDVFile.m */; };
		27D9DD011D93EA5E0007BE3A /* CDVLocalFilesystem.m in Sources */ = {isa = PBXBuildFile; fileRef = 27D9DCFE1D93EA5E0007BE3A /* CDVLocalFilesystem.m */; };
		27D9DD041D93EA640007BE3A /* CDVFileTransfer.m in Sources */ = {isa = PBXBuildFile; fileRef = 27D9DD031D93EA640007BE3A /* CDVFileTransfer.m */; };
		27D9DD071D93EA6C0007BE3A /* YCQQ.m in Sources */ = {isa = PBXBuildFile; fileRef = 27D9DD061D93EA6C0007BE3A /* YCQQ.m */; };
		27D9DD0E1D93EA850007BE3A /* CDVSplashScreen.m in Sources */ = {isa = PBXBuildFile; fileRef = 27D9DD0B1D93EA850007BE3A /* CDVSplashScreen.m */; };
		27D9DD0F1D93EA850007BE3A /* CDVViewController+SplashScreen.m in Sources */ = {isa = PBXBuildFile; fileRef = 27D9DD0D1D93EA850007BE3A /* CDVViewController+SplashScreen.m */; };
		27D9DD1B1D93F13C0007BE3A /* AssetsLibrary.framework in Frameworks */ = {isa = PBXBuildFile; fileRef = 27D9DD1A1D93F13C0007BE3A /* AssetsLibrary.framework */; };
		27D9DD1D1D93F14A0007BE3A /* CoreGraphics.framework in Frameworks */ = {isa = PBXBuildFile; fileRef = 27D9DD1C1D93F14A0007BE3A /* CoreGraphics.framework */; };
		27D9DD1F1D93F1580007BE3A /* MobileCoreServices.framework in Frameworks */ = {isa = PBXBuildFile; fileRef = 27D9DD1E1D93F1580007BE3A /* MobileCoreServices.framework */; };
		27D9DD211D93F1690007BE3A /* CFNetwork.framework in Frameworks */ = {isa = PBXBuildFile; fileRef = 27D9DD201D93F1690007BE3A /* CFNetwork.framework */; };
		27D9DD231D93F1730007BE3A /* CoreFoundation.framework in Frameworks */ = {isa = PBXBuildFile; fileRef = 27D9DD221D93F1730007BE3A /* CoreFoundation.framework */; };
		27D9DD251D93F1840007BE3A /* UIKit.framework in Frameworks */ = {isa = PBXBuildFile; fileRef = 27D9DD241D93F1840007BE3A /* UIKit.framework */; };
		27D9DD271D93F1910007BE3A /* AVFoundation.framework in Frameworks */ = {isa = PBXBuildFile; fileRef = 27D9DD261D93F1910007BE3A /* AVFoundation.framework */; };
		27D9DD291D93F1990007BE3A /* AdSupport.framework in Frameworks */ = {isa = PBXBuildFile; fileRef = 27D9DD281D93F1990007BE3A /* AdSupport.framework */; };
		27D9DD2B1D93F1B60007BE3A /* libstdc++.tbd in Frameworks */ = {isa = PBXBuildFile; fileRef = 27D9DD2A1D93F1B60007BE3A /* libstdc++.tbd */; };
		27D9DD2D1D93F1BD0007BE3A /* libiconv.tbd in Frameworks */ = {isa = PBXBuildFile; fileRef = 27D9DD2C1D93F1BD0007BE3A /* libiconv.tbd */; };
		27F87B661E0AC34100779934 /* MiPassport.framework in Frameworks */ = {isa = PBXBuildFile; fileRef = 27F87B651E0AC34100779934 /* MiPassport.framework */; };
		27F87B681E0AC35200779934 /* MiPassport.bundle in Resources */ = {isa = PBXBuildFile; fileRef = 27F87B671E0AC35200779934 /* MiPassport.bundle */; };
		301BF552109A68D80062928A /* libCordova.a in Frameworks */ = {isa = PBXBuildFile; fileRef = 301BF535109A57CC0062928A /* libCordova.a */; };
		302D95F114D2391D003F00A1 /* MainViewController.m in Sources */ = {isa = PBXBuildFile; fileRef = 302D95EF14D2391D003F00A1 /* MainViewController.m */; };
		302D95F214D2391D003F00A1 /* MainViewController.xib in Resources */ = {isa = PBXBuildFile; fileRef = 302D95F014D2391D003F00A1 /* MainViewController.xib */; };
		3047A5121AB8059700498E2A /* build-debug.xcconfig in Resources */ = {isa = PBXBuildFile; fileRef = 3047A50F1AB8059700498E2A /* build-debug.xcconfig */; };
		3047A5131AB8059700498E2A /* build-release.xcconfig in Resources */ = {isa = PBXBuildFile; fileRef = 3047A5101AB8059700498E2A /* build-release.xcconfig */; };
		3047A5141AB8059700498E2A /* build.xcconfig in Resources */ = {isa = PBXBuildFile; fileRef = 3047A5111AB8059700498E2A /* build.xcconfig */; };
		37576B1DC4A44D86AE30967C /* SystemConfiguration.framework in Frameworks */ = {isa = PBXBuildFile; fileRef = F3BC997D01004337AF6DBFBE /* SystemConfiguration.framework */; };
		3A64A48C0EF548A4B0B6EF67 /* CDVInAppBrowser.m in Sources */ = {isa = PBXBuildFile; fileRef = B16B12A0B7044296B957A3C6 /* CDVInAppBrowser.m */; };
		490B4D7DC7CE4F77BD2263AB /* CDVWechat.m in Sources */ = {isa = PBXBuildFile; fileRef = CEC2D77E68D2426DACC628A5 /* CDVWechat.m */; };
		611FD232803A495CA012988D /* CoreTelephony.framework in Frameworks */ = {isa = PBXBuildFile; fileRef = 7477E4B082F44E139A9244A2 /* CoreTelephony.framework */; };
		6A44896E9EB543CAB1D2E531 /* AppDelegate+JPush.m in Sources */ = {isa = PBXBuildFile; fileRef = 614231D2184E4F7188DCC100 /* AppDelegate+JPush.m */; };
		719D153A4D5B49B888695518 /* WeiboSDK.bundle in Resources */ = {isa = PBXBuildFile; fileRef = 4C75A2880532478A8A27750D /* WeiboSDK.bundle */; };
		73911A6F3C6442429BF9560F /* Security.framework in Frameworks */ = {isa = PBXBuildFile; fileRef = 327E65C8BFF64DAC8B487E1D /* Security.framework */; };
		7A1EDCFDFF6B4679AD0B132C /* ImageIO.framework in Frameworks */ = {isa = PBXBuildFile; fileRef = BD4A49517D6846B7B4D1EED6 /* ImageIO.framework */; };
		80C691679FBF424297993D36 /* QuartzCore.framework in Frameworks */ = {isa = PBXBuildFile; fileRef = 26A46A7FCFF54F1F9B81424E /* QuartzCore.framework */; };
		80CFA66763854C479917A541 /* NSString+URLEncoding.m in Sources */ = {isa = PBXBuildFile; fileRef = 812904490A264A4A8844C188 /* NSString+URLEncoding.m */; };
		831B274A629F4A4C9BE897A5 /* libstdc++.6.tbd in Frameworks */ = {isa = PBXBuildFile; fileRef = DA64E5727F974CDFB55E164F /* libstdc++.6.tbd */; };
		8F0E7A23168542CB828BACDD /* jpush-ios-2.1.9.a in Frameworks */ = {isa = PBXBuildFile; fileRef = 91027593E2E8435699C7138D /* jpush-ios-2.1.9.a */; };
		A6463266E1A24F95B73B4380 /* CDVXiaomi.m in Sources */ = {isa = PBXBuildFile; fileRef = 8FEECD4D2C374C309E432824 /* CDVXiaomi.m */; };
		AB98B6783B6646358B5CCC28 /* libWeChatSDK.a in Frameworks */ = {isa = PBXBuildFile; fileRef = C7B1D47BF65D412D80B5EF37 /* libWeChatSDK.a */; };
		B7BAF030224149BB9B88539E /* libWeiboSDK.a in Frameworks */ = {isa = PBXBuildFile; fileRef = F0F9D76F7F454EBB906570A7 /* libWeiboSDK.a */; };
		BB891640F96B4F1680A73F08 /* libz.tbd in Frameworks */ = {isa = PBXBuildFile; fileRef = AAC2EB43E672429A90A4856F /* libz.tbd */; };
		BD4460805B794D02A1AFD335 /* JPushPlugin.m in Sources */ = {isa = PBXBuildFile; fileRef = 1ED7BC84827E46F48BEBFA30 /* JPushPlugin.m */; };
		C28B7FD370764D38B8355031 /* IonicKeyboard.m in Sources */ = {isa = PBXBuildFile; fileRef = A16791349C4C4417982D5A38 /* IonicKeyboard.m */; };
		CEBE18F78CB1449C866A2272 /* Social.framework in Frameworks */ = {isa = PBXBuildFile; fileRef = 3506DE29135448BAB050A570 /* Social.framework */; settings = {ATTRIBUTES = (Weak, ); }; };
		CED1696E604B4B75B9BC71E0 /* CoreText.framework in Frameworks */ = {isa = PBXBuildFile; fileRef = 471E4547E5D3467FB12AE5D7 /* CoreText.framework */; };
		CF7D41BC6B59427C83860FC7 /* libsqlite3.0.tbd in Frameworks */ = {isa = PBXBuildFile; fileRef = A92810FC56AB4051B2BC3F38 /* libsqlite3.0.tbd */; };
		D429B21F5CD04E90852FDA45 /* weibo.m in Sources */ = {isa = PBXBuildFile; fileRef = 8B0605D0EEC144C48359F3C7 /* weibo.m */; };
		DD136246533F4B59B1D645B3 /* AppConfig.m in Sources */ = {isa = PBXBuildFile; fileRef = 8BD45E99F3A241098E05420D /* AppConfig.m */; };
		DD655B58953C4132B823CCFA /* libsqlite3.tbd in Frameworks */ = {isa = PBXBuildFile; fileRef = D56075F1707D4F1181D83B37 /* libsqlite3.tbd */; };
		F0108058DD39495CBDE2B9CB /* Foundation.framework in Frameworks */ = {isa = PBXBuildFile; fileRef = AF48178D3F83471093EB2749 /* Foundation.framework */; };
		FB05F46019C44A72B67F207B /* PushConfig.plist in Resources */ = {isa = PBXBuildFile; fileRef = 2E1F52A30E2F474FBFB05F09 /* PushConfig.plist */; };
/* End PBXBuildFile section */

/* Begin PBXContainerItemProxy section */
		301BF534109A57CC0062928A /* PBXContainerItemProxy */ = {
			isa = PBXContainerItemProxy;
			containerPortal = 301BF52D109A57CC0062928A /* CordovaLib.xcodeproj */;
			proxyType = 2;
			remoteGlobalIDString = D2AAC07E0554694100DB518D;
			remoteInfo = CordovaLib;
		};
		301BF550109A68C00062928A /* PBXContainerItemProxy */ = {
			isa = PBXContainerItemProxy;
			containerPortal = 301BF52D109A57CC0062928A /* CordovaLib.xcodeproj */;
			proxyType = 1;
			remoteGlobalIDString = D2AAC07D0554694100DB518D;
			remoteInfo = CordovaLib;
		};
/* End PBXContainerItemProxy section */

/* Begin PBXFileReference section */
		00E31C7838704E3EAEC9EC08 /* CDVInAppBrowser.h */ = {isa = PBXFileReference; explicitFileType = undefined; fileEncoding = 4; includeInIndex = 0; lastKnownFileType = sourcecode.c.h; name = CDVInAppBrowser.h; path = "cordova-plugin-inappbrowser/CDVInAppBrowser.h"; sourceTree = "<group>"; };
		0207DA571B56EA530066E2B4 /* Images.xcassets */ = {isa = PBXFileReference; lastKnownFileType = folder.assetcatalog; name = Images.xcassets; path = "微打卡/Images.xcassets"; sourceTree = SOURCE_ROOT; };
		134DCF154DF940D7B025C1BB /* WeiboSDK.h */ = {isa = PBXFileReference; explicitFileType = undefined; fileEncoding = 4; includeInIndex = 0; lastKnownFileType = sourcecode.c.h; name = WeiboSDK.h; path = "cordova-plugin-weibo/WeiboSDK.h"; sourceTree = "<group>"; };
		1D3623240D0F684500981E51 /* AppDelegate.h */ = {isa = PBXFileReference; fileEncoding = 4; lastKnownFileType = sourcecode.c.h; path = AppDelegate.h; sourceTree = "<group>"; };
		1D3623250D0F684500981E51 /* AppDelegate.m */ = {isa = PBXFileReference; fileEncoding = 4; lastKnownFileType = sourcecode.c.objc; path = AppDelegate.m; sourceTree = "<group>"; };
		1D51E33808F04D3A9BE06D89 /* NSString+URLEncoding.h */ = {isa = PBXFileReference; explicitFileType = undefined; fileEncoding = 4; includeInIndex = 0; lastKnownFileType = sourcecode.c.h; name = "NSString+URLEncoding.h"; path = "cordova-plugin-x-socialsharing/NSString+URLEncoding.h"; sourceTree = "<group>"; };
		1D6058910D05DD3D006BFB54 /* 微打卡.app */ = {isa = PBXFileReference; explicitFileType = wrapper.application; includeInIndex = 0; path = "微打卡.app"; sourceTree = BUILT_PRODUCTS_DIR; };
		1ED7BC84827E46F48BEBFA30 /* JPushPlugin.m */ = {isa = PBXFileReference; explicitFileType = undefined; fileEncoding = 4; includeInIndex = 0; lastKnownFileType = sourcecode.c.objc; name = JPushPlugin.m; path = "jpush-phonegap-plugin/JPushPlugin.m"; sourceTree = "<group>"; };
		241E02A9C4DD4F2B8EACD947 /* WBHttpRequest+WeiboShare.h */ = {isa = PBXFileReference; explicitFileType = undefined; fileEncoding = 4; includeInIndex = 0; lastKnownFileType = sourcecode.c.h; name = "WBHttpRequest+WeiboShare.h"; path = "cordova-plugin-weibo/WBHttpRequest+WeiboShare.h"; sourceTree = "<group>"; };
		264736F15A43472695CEED91 /* WBSDKBasicButton.h */ = {isa = PBXFileReference; explicitFileType = undefined; fileEncoding = 4; includeInIndex = 0; lastKnownFileType = sourcecode.c.h; name = WBSDKBasicButton.h; path = "cordova-plugin-weibo/WBSDKBasicButton.h"; sourceTree = "<group>"; };
		26A46A7FCFF54F1F9B81424E /* QuartzCore.framework */ = {isa = PBXFileReference; explicitFileType = undefined; fileEncoding = 9; includeInIndex = 0; lastKnownFileType = wrapper.framework; name = QuartzCore.framework; path = System/Library/Frameworks/QuartzCore.framework; sourceTree = SDKROOT; };
		2770C2481DEEC956000B5D95 /* TencentOpenApi_IOS_Bundle.bundle */ = {isa = PBXFileReference; lastKnownFileType = "wrapper.plug-in"; name = TencentOpenApi_IOS_Bundle.bundle; path = "../../../plugins/cordova-plugin-qqsdk/src/ios/TencentOpenApi_IOS_Bundle.bundle"; sourceTree = "<group>"; };
		2770C2491DEEC956000B5D95 /* TencentOpenAPI.framework */ = {isa = PBXFileReference; lastKnownFileType = wrapper.framework; name = TencentOpenAPI.framework; path = "../../plugins/cordova-plugin-qqsdk/src/ios/TencentOpenAPI.framework"; sourceTree = "<group>"; };
		27D0AFEC1D94E0F700D8D653 /* 微打卡.entitlements */ = {isa = PBXFileReference; lastKnownFileType = text.plist.entitlements; name = "微打卡.entitlements"; path = "微打卡/微打卡.entitlements"; sourceTree = "<group>"; };
		27D0AFED1D94E41C00D8D653 /* CDVAppRate.h */ = {isa = PBXFileReference; fileEncoding = 4; lastKnownFileType = sourcecode.c.h; name = CDVAppRate.h; path = "../../../../plugins/cordova-plugin-apprate/src/ios/CDVAppRate.h"; sourceTree = "<group>"; };
		27D0AFEE1D94E41C00D8D653 /* CDVAppRate.m */ = {isa = PBXFileReference; fileEncoding = 4; lastKnownFileType = sourcecode.c.objc; name = CDVAppRate.m; path = "../../../../plugins/cordova-plugin-apprate/src/ios/CDVAppRate.m"; sourceTree = "<group>"; };
		27D9DCC31D93E9E10007BE3A /* AppDelegate+UmengAnalytics.h */ = {isa = PBXFileReference; fileEncoding = 4; lastKnownFileType = sourcecode.c.h; name = "AppDelegate+UmengAnalytics.h"; path = "com.qiudao.cordova.umeng-analytics/AppDelegate+UmengAnalytics.h"; sourceTree = "<group>"; };
		27D9DCC41D93E9E10007BE3A /* AppDelegate+UmengAnalytics.m */ = {isa = PBXFileReference; fileEncoding = 4; lastKnownFileType = sourcecode.c.objc; name = "AppDelegate+UmengAnalytics.m"; path = "com.qiudao.cordova.umeng-analytics/AppDelegate+UmengAnalytics.m"; sourceTree = "<group>"; };
		27D9DCC51D93E9E10007BE3A /* MobClick.h */ = {isa = PBXFileReference; fileEncoding = 4; lastKnownFileType = sourcecode.c.h; name = MobClick.h; path = "com.qiudao.cordova.umeng-analytics/MobClick.h"; sourceTree = "<group>"; };
		27D9DCC61D93E9E10007BE3A /* MobClickSocialAnalytics.h */ = {isa = PBXFileReference; fileEncoding = 4; lastKnownFileType = sourcecode.c.h; name = MobClickSocialAnalytics.h; path = "com.qiudao.cordova.umeng-analytics/MobClickSocialAnalytics.h"; sourceTree = "<group>"; };
		27D9DCC71D93E9E10007BE3A /* UMCheckUpdate.h */ = {isa = PBXFileReference; fileEncoding = 4; lastKnownFileType = sourcecode.c.h; name = UMCheckUpdate.h; path = "com.qiudao.cordova.umeng-analytics/UMCheckUpdate.h"; sourceTree = "<group>"; };
		27D9DCC91D93E9E90007BE3A /* libMobClickLibrary.a */ = {isa = PBXFileReference; lastKnownFileType = archive.ar; name = libMobClickLibrary.a; path = "微打卡/Plugins/com.qiudao.cordova.umeng-analytics/libMobClickLibrary.a"; sourceTree = "<group>"; };
		27D9DCCA1D93E9E90007BE3A /* libUMCheckUpdate.a */ = {isa = PBXFileReference; lastKnownFileType = archive.ar; name = libUMCheckUpdate.a; path = "微打卡/Plugins/com.qiudao.cordova.umeng-analytics/libUMCheckUpdate.a"; sourceTree = "<group>"; };
		27D9DCCD1D93E9FD0007BE3A /* ELCAlbumPickerController.h */ = {isa = PBXFileReference; fileEncoding = 4; lastKnownFileType = sourcecode.c.h; name = ELCAlbumPickerController.h; path = com.synconset.imagepicker/ELCAlbumPickerController.h; sourceTree = "<group>"; };
		27D9DCCE1D93E9FD0007BE3A /* ELCAlbumPickerController.m */ = {isa = PBXFileReference; fileEncoding = 4; lastKnownFileType = sourcecode.c.objc; name = ELCAlbumPickerController.m; path = com.synconset.imagepicker/ELCAlbumPickerController.m; sourceTree = "<group>"; };
		27D9DCCF1D93E9FD0007BE3A /* ELCAsset.h */ = {isa = PBXFileReference; fileEncoding = 4; lastKnownFileType = sourcecode.c.h; name = ELCAsset.h; path = com.synconset.imagepicker/ELCAsset.h; sourceTree = "<group>"; };
		27D9DCD01D93E9FD0007BE3A /* ELCAsset.m */ = {isa = PBXFileReference; fileEncoding = 4; lastKnownFileType = sourcecode.c.objc; name = ELCAsset.m; path = com.synconset.imagepicker/ELCAsset.m; sourceTree = "<group>"; };
		27D9DCD11D93E9FD0007BE3A /* ELCAssetCell.h */ = {isa = PBXFileReference; fileEncoding = 4; lastKnownFileType = sourcecode.c.h; name = ELCAssetCell.h; path = com.synconset.imagepicker/ELCAssetCell.h; sourceTree = "<group>"; };
		27D9DCD21D93E9FD0007BE3A /* ELCAssetCell.m */ = {isa = PBXFileReference; fileEncoding = 4; lastKnownFileType = sourcecode.c.objc; name = ELCAssetCell.m; path = com.synconset.imagepicker/ELCAssetCell.m; sourceTree = "<group>"; };
		27D9DCD31D93E9FD0007BE3A /* ELCAssetPickerFilterDelegate.h */ = {isa = PBXFileReference; fileEncoding = 4; lastKnownFileType = sourcecode.c.h; name = ELCAssetPickerFilterDelegate.h; path = com.synconset.imagepicker/ELCAssetPickerFilterDelegate.h; sourceTree = "<group>"; };
		27D9DCD41D93E9FD0007BE3A /* ELCAssetSelectionDelegate.h */ = {isa = PBXFileReference; fileEncoding = 4; lastKnownFileType = sourcecode.c.h; name = ELCAssetSelectionDelegate.h; path = com.synconset.imagepicker/ELCAssetSelectionDelegate.h; sourceTree = "<group>"; };
		27D9DCD51D93E9FD0007BE3A /* ELCAssetTablePicker.h */ = {isa = PBXFileReference; fileEncoding = 4; lastKnownFileType = sourcecode.c.h; name = ELCAssetTablePicker.h; path = com.synconset.imagepicker/ELCAssetTablePicker.h; sourceTree = "<group>"; };
		27D9DCD61D93E9FD0007BE3A /* ELCAssetTablePicker.m */ = {isa = PBXFileReference; fileEncoding = 4; lastKnownFileType = sourcecode.c.objc; name = ELCAssetTablePicker.m; path = com.synconset.imagepicker/ELCAssetTablePicker.m; sourceTree = "<group>"; };
		27D9DCD71D93E9FD0007BE3A /* ELCImagePickerController.h */ = {isa = PBXFileReference; fileEncoding = 4; lastKnownFileType = sourcecode.c.h; name = ELCImagePickerController.h; path = com.synconset.imagepicker/ELCImagePickerController.h; sourceTree = "<group>"; };
		27D9DCD81D93E9FD0007BE3A /* ELCImagePickerController.m */ = {isa = PBXFileReference; fileEncoding = 4; lastKnownFileType = sourcecode.c.objc; name = ELCImagePickerController.m; path = com.synconset.imagepicker/ELCImagePickerController.m; sourceTree = "<group>"; };
		27D9DCD91D93E9FD0007BE3A /* SOSPicker.h */ = {isa = PBXFileReference; fileEncoding = 4; lastKnownFileType = sourcecode.c.h; name = SOSPicker.h; path = com.synconset.imagepicker/SOSPicker.h; sourceTree = "<group>"; };
		27D9DCDA1D93E9FD0007BE3A /* SOSPicker.m */ = {isa = PBXFileReference; fileEncoding = 4; lastKnownFileType = sourcecode.c.objc; name = SOSPicker.m; path = com.synconset.imagepicker/SOSPicker.m; sourceTree = "<group>"; };
		27D9DCE11D93E9FE0007BE3A /* CDVLogger.h */ = {isa = PBXFileReference; fileEncoding = 4; lastKnownFileType = sourcecode.c.h; name = CDVLogger.h; path = "cordova-plugin-console/CDVLogger.h"; sourceTree = "<group>"; };
		27D9DCE21D93E9FE0007BE3A /* CDVLogger.m */ = {isa = PBXFileReference; fileEncoding = 4; lastKnownFileType = sourcecode.c.objc; name = CDVLogger.m; path = "cordova-plugin-console/CDVLogger.m"; sourceTree = "<group>"; };
		27D9DCE41D93EA0B0007BE3A /* CTCrop.h */ = {isa = PBXFileReference; fileEncoding = 4; lastKnownFileType = sourcecode.c.h; name = CTCrop.h; path = "cordova-plugin-crop/CTCrop.h"; sourceTree = "<group>"; };
		27D9DCE51D93EA0B0007BE3A /* CTCrop.m */ = {isa = PBXFileReference; fileEncoding = 4; lastKnownFileType = sourcecode.c.objc; name = CTCrop.m; path = "cordova-plugin-crop/CTCrop.m"; sourceTree = "<group>"; };
		27D9DCE61D93EA0B0007BE3A /* PECropRectView.h */ = {isa = PBXFileReference; fileEncoding = 4; lastKnownFileType = sourcecode.c.h; name = PECropRectView.h; path = "cordova-plugin-crop/PECropRectView.h"; sourceTree = "<group>"; };
		27D9DCE71D93EA0B0007BE3A /* PECropRectView.m */ = {isa = PBXFileReference; fileEncoding = 4; lastKnownFileType = sourcecode.c.objc; name = PECropRectView.m; path = "cordova-plugin-crop/PECropRectView.m"; sourceTree = "<group>"; };
		27D9DCE81D93EA0B0007BE3A /* PECropView.h */ = {isa = PBXFileReference; fileEncoding = 4; lastKnownFileType = sourcecode.c.h; name = PECropView.h; path = "cordova-plugin-crop/PECropView.h"; sourceTree = "<group>"; };
		27D9DCE91D93EA0B0007BE3A /* PECropView.m */ = {isa = PBXFileReference; fileEncoding = 4; lastKnownFileType = sourcecode.c.objc; name = PECropView.m; path = "cordova-plugin-crop/PECropView.m"; sourceTree = "<group>"; };
		27D9DCEA1D93EA0B0007BE3A /* PECropViewController.h */ = {isa = PBXFileReference; fileEncoding = 4; lastKnownFileType = sourcecode.c.h; name = PECropViewController.h; path = "cordova-plugin-crop/PECropViewController.h"; sourceTree = "<group>"; };
		27D9DCEB1D93EA0B0007BE3A /* PECropViewController.m */ = {isa = PBXFileReference; fileEncoding = 4; lastKnownFileType = sourcecode.c.objc; name = PECropViewController.m; path = "cordova-plugin-crop/PECropViewController.m"; sourceTree = "<group>"; };
		27D9DCEC1D93EA0B0007BE3A /* PEResizeControl.h */ = {isa = PBXFileReference; fileEncoding = 4; lastKnownFileType = sourcecode.c.h; name = PEResizeControl.h; path = "cordova-plugin-crop/PEResizeControl.h"; sourceTree = "<group>"; };
		27D9DCED1D93EA0B0007BE3A /* PEResizeControl.m */ = {isa = PBXFileReference; fileEncoding = 4; lastKnownFileType = sourcecode.c.objc; name = PEResizeControl.m; path = "cordova-plugin-crop/PEResizeControl.m"; sourceTree = "<group>"; };
		27D9DCEE1D93EA0B0007BE3A /* UIImage+PECrop.h */ = {isa = PBXFileReference; fileEncoding = 4; lastKnownFileType = sourcecode.c.h; name = "UIImage+PECrop.h"; path = "cordova-plugin-crop/UIImage+PECrop.h"; sourceTree = "<group>"; };
		27D9DCEF1D93EA0B0007BE3A /* UIImage+PECrop.m */ = {isa = PBXFileReference; fileEncoding = 4; lastKnownFileType = sourcecode.c.objc; name = "UIImage+PECrop.m"; path = "cordova-plugin-crop/UIImage+PECrop.m"; sourceTree = "<group>"; };
		27D9DCF61D93EA120007BE3A /* CDVDevice.h */ = {isa = PBXFileReference; fileEncoding = 4; lastKnownFileType = sourcecode.c.h; name = CDVDevice.h; path = "cordova-plugin-device/CDVDevice.h"; sourceTree = "<group>"; };
		27D9DCF71D93EA120007BE3A /* CDVDevice.m */ = {isa = PBXFileReference; fileEncoding = 4; lastKnownFileType = sourcecode.c.objc; name = CDVDevice.m; path = "cordova-plugin-device/CDVDevice.m"; sourceTree = "<group>"; };
		27D9DCF91D93EA5E0007BE3A /* CDVAssetLibraryFilesystem.h */ = {isa = PBXFileReference; fileEncoding = 4; lastKnownFileType = sourcecode.c.h; name = CDVAssetLibraryFilesystem.h; path = "cordova-plugin-file/CDVAssetLibraryFilesystem.h"; sourceTree = "<group>"; };
		27D9DCFA1D93EA5E0007BE3A /* CDVAssetLibraryFilesystem.m */ = {isa = PBXFileReference; fileEncoding = 4; lastKnownFileType = sourcecode.c.objc; name = CDVAssetLibraryFilesystem.m; path = "cordova-plugin-file/CDVAssetLibraryFilesystem.m"; sourceTree = "<group>"; };
		27D9DCFB1D93EA5E0007BE3A /* CDVFile.h */ = {isa = PBXFileReference; fileEncoding = 4; lastKnownFileType = sourcecode.c.h; name = CDVFile.h; path = "cordova-plugin-file/CDVFile.h"; sourceTree = "<group>"; };
		27D9DCFC1D93EA5E0007BE3A /* CDVFile.m */ = {isa = PBXFileReference; fileEncoding = 4; lastKnownFileType = sourcecode.c.objc; name = CDVFile.m; path = "cordova-plugin-file/CDVFile.m"; sourceTree = "<group>"; };
		27D9DCFD1D93EA5E0007BE3A /* CDVLocalFilesystem.h */ = {isa = PBXFileReference; fileEncoding = 4; lastKnownFileType = sourcecode.c.h; name = CDVLocalFilesystem.h; path = "cordova-plugin-file/CDVLocalFilesystem.h"; sourceTree = "<group>"; };
		27D9DCFE1D93EA5E0007BE3A /* CDVLocalFilesystem.m */ = {isa = PBXFileReference; fileEncoding = 4; lastKnownFileType = sourcecode.c.objc; name = CDVLocalFilesystem.m; path = "cordova-plugin-file/CDVLocalFilesystem.m"; sourceTree = "<group>"; };
		27D9DD021D93EA640007BE3A /* CDVFileTransfer.h */ = {isa = PBXFileReference; fileEncoding = 4; lastKnownFileType = sourcecode.c.h; name = CDVFileTransfer.h; path = "cordova-plugin-file-transfer/CDVFileTransfer.h"; sourceTree = "<group>"; };
		27D9DD031D93EA640007BE3A /* CDVFileTransfer.m */ = {isa = PBXFileReference; fileEncoding = 4; lastKnownFileType = sourcecode.c.objc; name = CDVFileTransfer.m; path = "cordova-plugin-file-transfer/CDVFileTransfer.m"; sourceTree = "<group>"; };
		27D9DD051D93EA6C0007BE3A /* YCQQ.h */ = {isa = PBXFileReference; fileEncoding = 4; lastKnownFileType = sourcecode.c.h; name = YCQQ.h; path = "cordova-plugin-qqsdk/YCQQ.h"; sourceTree = "<group>"; };
		27D9DD061D93EA6C0007BE3A /* YCQQ.m */ = {isa = PBXFileReference; fileEncoding = 4; lastKnownFileType = sourcecode.c.objc; name = YCQQ.m; path = "cordova-plugin-qqsdk/YCQQ.m"; sourceTree = "<group>"; };
		27D9DD0A1D93EA850007BE3A /* CDVSplashScreen.h */ = {isa = PBXFileReference; fileEncoding = 4; lastKnownFileType = sourcecode.c.h; name = CDVSplashScreen.h; path = "cordova-plugin-splashscreen/CDVSplashScreen.h"; sourceTree = "<group>"; };
		27D9DD0B1D93EA850007BE3A /* CDVSplashScreen.m */ = {isa = PBXFileReference; fileEncoding = 4; lastKnownFileType = sourcecode.c.objc; name = CDVSplashScreen.m; path = "cordova-plugin-splashscreen/CDVSplashScreen.m"; sourceTree = "<group>"; };
		27D9DD0C1D93EA850007BE3A /* CDVViewController+SplashScreen.h */ = {isa = PBXFileReference; fileEncoding = 4; lastKnownFileType = sourcecode.c.h; name = "CDVViewController+SplashScreen.h"; path = "cordova-plugin-splashscreen/CDVViewController+SplashScreen.h"; sourceTree = "<group>"; };
		27D9DD0D1D93EA850007BE3A /* CDVViewController+SplashScreen.m */ = {isa = PBXFileReference; fileEncoding = 4; lastKnownFileType = sourcecode.c.objc; name = "CDVViewController+SplashScreen.m"; path = "cordova-plugin-splashscreen/CDVViewController+SplashScreen.m"; sourceTree = "<group>"; };
		27D9DD1A1D93F13C0007BE3A /* AssetsLibrary.framework */ = {isa = PBXFileReference; lastKnownFileType = wrapper.framework; name = AssetsLibrary.framework; path = System/Library/Frameworks/AssetsLibrary.framework; sourceTree = SDKROOT; };
		27D9DD1C1D93F14A0007BE3A /* CoreGraphics.framework */ = {isa = PBXFileReference; lastKnownFileType = wrapper.framework; name = CoreGraphics.framework; path = System/Library/Frameworks/CoreGraphics.framework; sourceTree = SDKROOT; };
		27D9DD1E1D93F1580007BE3A /* MobileCoreServices.framework */ = {isa = PBXFileReference; lastKnownFileType = wrapper.framework; name = MobileCoreServices.framework; path = System/Library/Frameworks/MobileCoreServices.framework; sourceTree = SDKROOT; };
		27D9DD201D93F1690007BE3A /* CFNetwork.framework */ = {isa = PBXFileReference; lastKnownFileType = wrapper.framework; name = CFNetwork.framework; path = System/Library/Frameworks/CFNetwork.framework; sourceTree = SDKROOT; };
		27D9DD221D93F1730007BE3A /* CoreFoundation.framework */ = {isa = PBXFileReference; lastKnownFileType = wrapper.framework; name = CoreFoundation.framework; path = System/Library/Frameworks/CoreFoundation.framework; sourceTree = SDKROOT; };
		27D9DD241D93F1840007BE3A /* UIKit.framework */ = {isa = PBXFileReference; lastKnownFileType = wrapper.framework; name = UIKit.framework; path = System/Library/Frameworks/UIKit.framework; sourceTree = SDKROOT; };
		27D9DD261D93F1910007BE3A /* AVFoundation.framework */ = {isa = PBXFileReference; lastKnownFileType = wrapper.framework; name = AVFoundation.framework; path = System/Library/Frameworks/AVFoundation.framework; sourceTree = SDKROOT; };
		27D9DD281D93F1990007BE3A /* AdSupport.framework */ = {isa = PBXFileReference; lastKnownFileType = wrapper.framework; name = AdSupport.framework; path = System/Library/Frameworks/AdSupport.framework; sourceTree = SDKROOT; };
		27D9DD2A1D93F1B60007BE3A /* libstdc++.tbd */ = {isa = PBXFileReference; lastKnownFileType = "sourcecode.text-based-dylib-definition"; name = "libstdc++.tbd"; path = "usr/lib/libstdc++.tbd"; sourceTree = SDKROOT; };
		27D9DD2C1D93F1BD0007BE3A /* libiconv.tbd */ = {isa = PBXFileReference; lastKnownFileType = "sourcecode.text-based-dylib-definition"; name = libiconv.tbd; path = usr/lib/libiconv.tbd; sourceTree = SDKROOT; };
		27F87B651E0AC34100779934 /* MiPassport.framework */ = {isa = PBXFileReference; lastKnownFileType = wrapper.framework; name = MiPassport.framework; path = "微打卡/Plugins/cordova-plugin-xiaomi/MiPassport.framework"; sourceTree = "<group>"; };
		27F87B671E0AC35200779934 /* MiPassport.bundle */ = {isa = PBXFileReference; lastKnownFileType = "wrapper.plug-in"; name = MiPassport.bundle; path = "微打卡/Plugins/cordova-plugin-xiaomi/MiPassport.bundle"; sourceTree = SOURCE_ROOT; };
		29B97316FDCFA39411CA2CEA /* main.m */ = {isa = PBXFileReference; fileEncoding = 4; lastKnownFileType = sourcecode.c.objc; path = main.m; sourceTree = "<group>"; };
		29C8C8FE7E714EC889FE5670 /* WeiboUser.h */ = {isa = PBXFileReference; explicitFileType = undefined; fileEncoding = 4; includeInIndex = 0; lastKnownFileType = sourcecode.c.h; name = WeiboUser.h; path = "cordova-plugin-weibo/WeiboUser.h"; sourceTree = "<group>"; };
		2E1F52A30E2F474FBFB05F09 /* PushConfig.plist */ = {isa = PBXFileReference; explicitFileType = undefined; fileEncoding = 4; includeInIndex = 0; lastKnownFileType = text.plist.xml; path = PushConfig.plist; sourceTree = "<group>"; };
		2F464B01E06D4F19A185F713 /* IonicKeyboard.h */ = {isa = PBXFileReference; explicitFileType = undefined; fileEncoding = 4; includeInIndex = 0; lastKnownFileType = sourcecode.c.h; name = IonicKeyboard.h; path = "ionic-plugin-keyboard/IonicKeyboard.h"; sourceTree = "<group>"; };
		301BF52D109A57CC0062928A /* CordovaLib.xcodeproj */ = {isa = PBXFileReference; lastKnownFileType = "wrapper.pb-project"; name = CordovaLib.xcodeproj; path = CordovaLib/CordovaLib.xcodeproj; sourceTree = "<group>"; };
		301BF56E109A69640062928A /* www */ = {isa = PBXFileReference; lastKnownFileType = folder; path = www; sourceTree = SOURCE_ROOT; };
		302D95EE14D2391D003F00A1 /* MainViewController.h */ = {isa = PBXFileReference; fileEncoding = 4; lastKnownFileType = sourcecode.c.h; path = MainViewController.h; sourceTree = "<group>"; };
		302D95EF14D2391D003F00A1 /* MainViewController.m */ = {isa = PBXFileReference; fileEncoding = 4; lastKnownFileType = sourcecode.c.objc; path = MainViewController.m; sourceTree = "<group>"; };
		302D95F014D2391D003F00A1 /* MainViewController.xib */ = {isa = PBXFileReference; fileEncoding = 4; lastKnownFileType = file.xib; path = MainViewController.xib; sourceTree = "<group>"; };
		3047A50F1AB8059700498E2A /* build-debug.xcconfig */ = {isa = PBXFileReference; fileEncoding = 4; lastKnownFileType = text.xcconfig; name = "build-debug.xcconfig"; path = "cordova/build-debug.xcconfig"; sourceTree = SOURCE_ROOT; };
		3047A5101AB8059700498E2A /* build-release.xcconfig */ = {isa = PBXFileReference; fileEncoding = 4; lastKnownFileType = text.xcconfig; name = "build-release.xcconfig"; path = "cordova/build-release.xcconfig"; sourceTree = SOURCE_ROOT; };
		3047A5111AB8059700498E2A /* build.xcconfig */ = {isa = PBXFileReference; fileEncoding = 4; lastKnownFileType = text.xcconfig; name = build.xcconfig; path = cordova/build.xcconfig; sourceTree = SOURCE_ROOT; };
		327E65C8BFF64DAC8B487E1D /* Security.framework */ = {isa = PBXFileReference; explicitFileType = undefined; fileEncoding = 9; includeInIndex = 0; lastKnownFileType = wrapper.framework; name = Security.framework; path = System/Library/Frameworks/Security.framework; sourceTree = SDKROOT; };
		32CA4F630368D1EE00C91783 /* 微打卡-Prefix.pch */ = {isa = PBXFileReference; fileEncoding = 4; lastKnownFileType = sourcecode.c.h; path = "微打卡-Prefix.pch"; sourceTree = "<group>"; };
		3506DE29135448BAB050A570 /* Social.framework */ = {isa = PBXFileReference; explicitFileType = undefined; fileEncoding = 9; includeInIndex = 0; lastKnownFileType = wrapper.framework; name = Social.framework; path = System/Library/Frameworks/Social.framework; sourceTree = SDKROOT; };
		3F183260E26F47CAAA675CF6 /* WBSDKRelationshipButton.h */ = {isa = PBXFileReference; explicitFileType = undefined; fileEncoding = 4; includeInIndex = 0; lastKnownFileType = sourcecode.c.h; name = WBSDKRelationshipButton.h; path = "cordova-plugin-weibo/WBSDKRelationshipButton.h"; sourceTree = "<group>"; };
		3FB8272BB6BF4F5690E5C49D /* CDVWechat.h */ = {isa = PBXFileReference; explicitFileType = undefined; fileEncoding = 4; includeInIndex = 0; lastKnownFileType = sourcecode.c.h; name = CDVWechat.h; path = "cordova-plugin-wechat/CDVWechat.h"; sourceTree = "<group>"; };
		471E4547E5D3467FB12AE5D7 /* CoreText.framework */ = {isa = PBXFileReference; explicitFileType = undefined; fileEncoding = 9; includeInIndex = 0; lastKnownFileType = wrapper.framework; name = CoreText.framework; path = System/Library/Frameworks/CoreText.framework; sourceTree = SDKROOT; };
		484F8F6FB970407295ADE1D6 /* JPUSHService.h */ = {isa = PBXFileReference; explicitFileType = undefined; fileEncoding = 4; includeInIndex = 0; lastKnownFileType = sourcecode.c.h; name = JPUSHService.h; path = "jpush-phonegap-plugin/JPUSHService.h"; sourceTree = "<group>"; };
		4C75A2880532478A8A27750D /* WeiboSDK.bundle */ = {isa = PBXFileReference; explicitFileType = undefined; fileEncoding = 9; includeInIndex = 0; lastKnownFileType = "wrapper.plug-in"; path = WeiboSDK.bundle; sourceTree = "<group>"; };
		5DAE1AB689854AE18A9BF75C /* MessageUI.framework */ = {isa = PBXFileReference; explicitFileType = undefined; fileEncoding = 9; includeInIndex = 0; lastKnownFileType = wrapper.framework; name = MessageUI.framework; path = System/Library/Frameworks/MessageUI.framework; sourceTree = SDKROOT; };
		614231D2184E4F7188DCC100 /* AppDelegate+JPush.m */ = {isa = PBXFileReference; explicitFileType = undefined; fileEncoding = 4; includeInIndex = 0; lastKnownFileType = sourcecode.c.objc; name = "AppDelegate+JPush.m"; path = "jpush-phonegap-plugin/AppDelegate+JPush.m"; sourceTree = "<group>"; };
		6662E2F3FA4743FD957D7F4B /* WBHttpRequest.h */ = {isa = PBXFileReference; explicitFileType = undefined; fileEncoding = 4; includeInIndex = 0; lastKnownFileType = sourcecode.c.h; name = WBHttpRequest.h; path = "cordova-plugin-weibo/WBHttpRequest.h"; sourceTree = "<group>"; };
		7477E4B082F44E139A9244A2 /* CoreTelephony.framework */ = {isa = PBXFileReference; explicitFileType = undefined; fileEncoding = 9; includeInIndex = 0; lastKnownFileType = wrapper.framework; name = CoreTelephony.framework; path = System/Library/Frameworks/CoreTelephony.framework; sourceTree = SDKROOT; };
		812904490A264A4A8844C188 /* NSString+URLEncoding.m */ = {isa = PBXFileReference; explicitFileType = undefined; fileEncoding = 4; includeInIndex = 0; lastKnownFileType = sourcecode.c.objc; name = "NSString+URLEncoding.m"; path = "cordova-plugin-x-socialsharing/NSString+URLEncoding.m"; sourceTree = "<group>"; };
		862445BC4C54448DA113BA17 /* JPushPlugin.h */ = {isa = PBXFileReference; explicitFileType = undefined; fileEncoding = 4; includeInIndex = 0; lastKnownFileType = sourcecode.c.h; name = JPushPlugin.h; path = "jpush-phonegap-plugin/JPushPlugin.h"; sourceTree = "<group>"; };
		8B0605D0EEC144C48359F3C7 /* weibo.m */ = {isa = PBXFileReference; explicitFileType = undefined; fileEncoding = 4; includeInIndex = 0; lastKnownFileType = sourcecode.c.objc; name = weibo.m; path = "cordova-plugin-weibo/weibo.m"; sourceTree = "<group>"; };
		8BD45E99F3A241098E05420D /* AppConfig.m */ = {isa = PBXFileReference; explicitFileType = undefined; fileEncoding = 4; includeInIndex = 0; lastKnownFileType = sourcecode.c.objc; name = AppConfig.m; path = "cordova-plugin-app-config/AppConfig.m"; sourceTree = "<group>"; };
		8D1107310486CEB800E47090 /* 微打卡-Info.plist */ = {isa = PBXFileReference; fileEncoding = 4; lastKnownFileType = text.plist.xml; name = "微打卡-Info.plist"; path = "微打卡/微打卡-Info.plist"; plistStructureDefinitionIdentifier = "com.apple.xcode.plist.structure-definition.iphone.info-plist"; sourceTree = SOURCE_ROOT; };
		8FADCAE48B384B4BBAAAF213 /* WeiboSDK+Statistics.h */ = {isa = PBXFileReference; explicitFileType = undefined; fileEncoding = 4; includeInIndex = 0; lastKnownFileType = sourcecode.c.h; name = "WeiboSDK+Statistics.h"; path = "cordova-plugin-weibo/WeiboSDK+Statistics.h"; sourceTree = "<group>"; };
		8FEECD4D2C374C309E432824 /* CDVXiaomi.m */ = {isa = PBXFileReference; explicitFileType = undefined; fileEncoding = 4; includeInIndex = 0; lastKnownFileType = sourcecode.c.objc; name = CDVXiaomi.m; path = "cordova-plugin-xiaomi/CDVXiaomi.m"; sourceTree = "<group>"; };
		91027593E2E8435699C7138D /* jpush-ios-2.1.9.a */ = {isa = PBXFileReference; explicitFileType = undefined; fileEncoding = 9; includeInIndex = 0; lastKnownFileType = archive.ar; name = "jpush-ios-2.1.9.a"; path = "微打卡/Plugins/jpush-phonegap-plugin/jpush-ios-2.1.9.a"; sourceTree = "<group>"; };
		957DEC9426CE4EA9AFAE3A49 /* MiPassport.bundle */ = {isa = PBXFileReference; explicitFileType = undefined; fileEncoding = 9; includeInIndex = 0; lastKnownFileType = "wrapper.plug-in"; name = MiPassport.bundle; path = "cordova-plugin-xiaomi/MiPassport.bundle"; sourceTree = "<group>"; };
		9DF87C20E60D49248E1D6F56 /* weibo.h */ = {isa = PBXFileReference; explicitFileType = undefined; fileEncoding = 4; includeInIndex = 0; lastKnownFileType = sourcecode.c.h; name = weibo.h; path = "cordova-plugin-weibo/weibo.h"; sourceTree = "<group>"; };
		A16791349C4C4417982D5A38 /* IonicKeyboard.m */ = {isa = PBXFileReference; explicitFileType = undefined; fileEncoding = 4; includeInIndex = 0; lastKnownFileType = sourcecode.c.objc; name = IonicKeyboard.m; path = "ionic-plugin-keyboard/IonicKeyboard.m"; sourceTree = "<group>"; };
		A8815F32088E4D47A9C28768 /* WXApiObject.h */ = {isa = PBXFileReference; explicitFileType = undefined; fileEncoding = 4; includeInIndex = 0; lastKnownFileType = sourcecode.c.h; name = WXApiObject.h; path = "cordova-plugin-wechat/WXApiObject.h"; sourceTree = "<group>"; };
		A92810FC56AB4051B2BC3F38 /* libsqlite3.0.tbd */ = {isa = PBXFileReference; explicitFileType = undefined; fileEncoding = 9; includeInIndex = 0; lastKnownFileType = unknown; path = libsqlite3.0.tbd; sourceTree = "<group>"; };
		AAC2EB43E672429A90A4856F /* libz.tbd */ = {isa = PBXFileReference; explicitFileType = undefined; fileEncoding = 9; includeInIndex = 0; lastKnownFileType = unknown; path = libz.tbd; sourceTree = "<group>"; };
		AC4748512E274B948CC351C8 /* UserNotifications.framework */ = {isa = PBXFileReference; explicitFileType = undefined; fileEncoding = 9; includeInIndex = 0; lastKnownFileType = wrapper.framework; name = UserNotifications.framework; path = System/Library/Frameworks/UserNotifications.framework; sourceTree = SDKROOT; };
		AD5E9C074F114B24AD1C9C9A /* WBHttpRequest+WeiboUser.h */ = {isa = PBXFileReference; explicitFileType = undefined; fileEncoding = 4; includeInIndex = 0; lastKnownFileType = sourcecode.c.h; name = "WBHttpRequest+WeiboUser.h"; path = "cordova-plugin-weibo/WBHttpRequest+WeiboUser.h"; sourceTree = "<group>"; };
		AF48178D3F83471093EB2749 /* Foundation.framework */ = {isa = PBXFileReference; explicitFileType = undefined; fileEncoding = 9; includeInIndex = 0; lastKnownFileType = wrapper.framework; name = Foundation.framework; path = System/Library/Frameworks/Foundation.framework; sourceTree = SDKROOT; };
		B16B12A0B7044296B957A3C6 /* CDVInAppBrowser.m */ = {isa = PBXFileReference; explicitFileType = undefined; fileEncoding = 4; includeInIndex = 0; lastKnownFileType = sourcecode.c.objc; name = CDVInAppBrowser.m; path = "cordova-plugin-inappbrowser/CDVInAppBrowser.m"; sourceTree = "<group>"; };
		B25B553A95604BC299CBF453 /* SocialSharing.m */ = {isa = PBXFileReference; explicitFileType = undefined; fileEncoding = 4; includeInIndex = 0; lastKnownFileType = sourcecode.c.objc; name = SocialSharing.m; path = "cordova-plugin-x-socialsharing/SocialSharing.m"; sourceTree = "<group>"; };
		BCB7B1BE62CD46EEA46F92A0 /* CDVXiaomi.h */ = {isa = PBXFileReference; explicitFileType = undefined; fileEncoding = 4; includeInIndex = 0; lastKnownFileType = sourcecode.c.h; name = CDVXiaomi.h; path = "cordova-plugin-xiaomi/CDVXiaomi.h"; sourceTree = "<group>"; };
		BD4A49517D6846B7B4D1EED6 /* ImageIO.framework */ = {isa = PBXFileReference; explicitFileType = undefined; fileEncoding = 9; includeInIndex = 0; lastKnownFileType = wrapper.framework; name = ImageIO.framework; path = System/Library/Frameworks/ImageIO.framework; sourceTree = SDKROOT; };
		C3E52202E0B243569B9CE529 /* SocialSharing.h */ = {isa = PBXFileReference; explicitFileType = undefined; fileEncoding = 4; includeInIndex = 0; lastKnownFileType = sourcecode.c.h; name = SocialSharing.h; path = "cordova-plugin-x-socialsharing/SocialSharing.h"; sourceTree = "<group>"; };
		C7B1D47BF65D412D80B5EF37 /* libWeChatSDK.a */ = {isa = PBXFileReference; explicitFileType = undefined; fileEncoding = 9; includeInIndex = 0; lastKnownFileType = archive.ar; name = libWeChatSDK.a; path = "微打卡/Plugins/cordova-plugin-wechat/libWeChatSDK.a"; sourceTree = "<group>"; };
		C9FEEB86D36D446F81647E3A /* AppDelegate+JPush.h */ = {isa = PBXFileReference; explicitFileType = undefined; fileEncoding = 4; includeInIndex = 0; lastKnownFileType = sourcecode.c.h; name = "AppDelegate+JPush.h"; path = "jpush-phonegap-plugin/AppDelegate+JPush.h"; sourceTree = "<group>"; };
		CB12F861A63D4D08B4415C9E /* WBSDKCommentButton.h */ = {isa = PBXFileReference; explicitFileType = undefined; fileEncoding = 4; includeInIndex = 0; lastKnownFileType = sourcecode.c.h; name = WBSDKCommentButton.h; path = "cordova-plugin-weibo/WBSDKCommentButton.h"; sourceTree = "<group>"; };
		CEC2D77E68D2426DACC628A5 /* CDVWechat.m */ = {isa = PBXFileReference; explicitFileType = undefined; fileEncoding = 4; includeInIndex = 0; lastKnownFileType = sourcecode.c.objc; name = CDVWechat.m; path = "cordova-plugin-wechat/CDVWechat.m"; sourceTree = "<group>"; };
		D56075F1707D4F1181D83B37 /* libsqlite3.tbd */ = {isa = PBXFileReference; explicitFileType = undefined; fileEncoding = 9; includeInIndex = 0; lastKnownFileType = unknown; path = libsqlite3.tbd; sourceTree = "<group>"; };
		D66F066DA8764EC5961A5F49 /* WXApi.h */ = {isa = PBXFileReference; explicitFileType = undefined; fileEncoding = 4; includeInIndex = 0; lastKnownFileType = sourcecode.c.h; name = WXApi.h; path = "cordova-plugin-wechat/WXApi.h"; sourceTree = "<group>"; };
		DA64E5727F974CDFB55E164F /* libstdc++.6.tbd */ = {isa = PBXFileReference; explicitFileType = undefined; fileEncoding = 9; includeInIndex = 0; lastKnownFileType = unknown; path = "libstdc++.6.tbd"; sourceTree = "<group>"; };
		EB87FDF31871DA8E0020F90C /* www */ = {isa = PBXFileReference; lastKnownFileType = folder; name = www; path = ../../www; sourceTree = "<group>"; };
		EB87FDF41871DAF40020F90C /* config.xml */ = {isa = PBXFileReference; lastKnownFileType = text.xml; name = config.xml; path = ../../config.xml; sourceTree = "<group>"; };
		ED33DF2A687741AEAF9F8254 /* Bridging-Header.h */ = {isa = PBXFileReference; fileEncoding = 4; lastKnownFileType = sourcecode.c.h; path = "Bridging-Header.h"; sourceTree = "<group>"; };
		F04EA9F3C1F24DD785FD1792 /* WBHttpRequest+WeiboGame.h */ = {isa = PBXFileReference; explicitFileType = undefined; fileEncoding = 4; includeInIndex = 0; lastKnownFileType = sourcecode.c.h; name = "WBHttpRequest+WeiboGame.h"; path = "cordova-plugin-weibo/WBHttpRequest+WeiboGame.h"; sourceTree = "<group>"; };
		F0F9D76F7F454EBB906570A7 /* libWeiboSDK.a */ = {isa = PBXFileReference; explicitFileType = undefined; fileEncoding = 9; includeInIndex = 0; lastKnownFileType = archive.ar; name = libWeiboSDK.a; path = "微打卡/Plugins/cordova-plugin-weibo/libWeiboSDK.a"; sourceTree = "<group>"; };
		F34B25D7FC594DD49F230B8F /* WBHttpRequest+WeiboToken.h */ = {isa = PBXFileReference; explicitFileType = undefined; fileEncoding = 4; includeInIndex = 0; lastKnownFileType = sourcecode.c.h; name = "WBHttpRequest+WeiboToken.h"; path = "cordova-plugin-weibo/WBHttpRequest+WeiboToken.h"; sourceTree = "<group>"; };
		F3BC997D01004337AF6DBFBE /* SystemConfiguration.framework */ = {isa = PBXFileReference; explicitFileType = undefined; fileEncoding = 9; includeInIndex = 0; lastKnownFileType = wrapper.framework; name = SystemConfiguration.framework; path = System/Library/Frameworks/SystemConfiguration.framework; sourceTree = SDKROOT; };
		F840E1F0165FE0F500CFE078 /* config.xml */ = {isa = PBXFileReference; lastKnownFileType = text.xml; name = config.xml; path = "微打卡/config.xml"; sourceTree = "<group>"; };
/* End PBXFileReference section */

/* Begin PBXFrameworksBuildPhase section */
		1D60588F0D05DD3D006BFB54 /* Frameworks */ = {
			isa = PBXFrameworksBuildPhase;
			buildActionMask = 2147483647;
			files = (
				27D9DD2D1D93F1BD0007BE3A /* libiconv.tbd in Frameworks */,
				27D9DD2B1D93F1B60007BE3A /* libstdc++.tbd in Frameworks */,
				27F87B661E0AC34100779934 /* MiPassport.framework in Frameworks */,
				27D9DD291D93F1990007BE3A /* AdSupport.framework in Frameworks */,
				27D9DD271D93F1910007BE3A /* AVFoundation.framework in Frameworks */,
				27D9DD251D93F1840007BE3A /* UIKit.framework in Frameworks */,
				2770C24B1DEEC956000B5D95 /* TencentOpenAPI.framework in Frameworks */,
				27D9DD231D93F1730007BE3A /* CoreFoundation.framework in Frameworks */,
				27D9DD211D93F1690007BE3A /* CFNetwork.framework in Frameworks */,
				27D9DD1F1D93F1580007BE3A /* MobileCoreServices.framework in Frameworks */,
				27D9DD1D1D93F14A0007BE3A /* CoreGraphics.framework in Frameworks */,
				27D9DD1B1D93F13C0007BE3A /* AssetsLibrary.framework in Frameworks */,
				7A1EDCFDFF6B4679AD0B132C /* ImageIO.framework in Frameworks */,
				301BF552109A68D80062928A /* libCordova.a in Frameworks */,
				27D9DCCB1D93E9E90007BE3A /* libMobClickLibrary.a in Frameworks */,
				80C691679FBF424297993D36 /* QuartzCore.framework in Frameworks */,
				37576B1DC4A44D86AE30967C /* SystemConfiguration.framework in Frameworks */,
				73911A6F3C6442429BF9560F /* Security.framework in Frameworks */,
				27D9DCCC1D93E9E90007BE3A /* libUMCheckUpdate.a in Frameworks */,
				611FD232803A495CA012988D /* CoreTelephony.framework in Frameworks */,
				CED1696E604B4B75B9BC71E0 /* CoreText.framework in Frameworks */,
				F0108058DD39495CBDE2B9CB /* Foundation.framework in Frameworks */,
				BB891640F96B4F1680A73F08 /* libz.tbd in Frameworks */,
				DD655B58953C4132B823CCFA /* libsqlite3.tbd in Frameworks */,
				8F0E7A23168542CB828BACDD /* jpush-ios-2.1.9.a in Frameworks */,
				11CEDA684D81447AAD1CF07F /* UserNotifications.framework in Frameworks */,
				CEBE18F78CB1449C866A2272 /* Social.framework in Frameworks */,
				11D11647D73E46938076BA83 /* MessageUI.framework in Frameworks */,
				B7BAF030224149BB9B88539E /* libWeiboSDK.a in Frameworks */,
				AB98B6783B6646358B5CCC28 /* libWeChatSDK.a in Frameworks */,
				CF7D41BC6B59427C83860FC7 /* libsqlite3.0.tbd in Frameworks */,
				831B274A629F4A4C9BE897A5 /* libstdc++.6.tbd in Frameworks */,
			);
			runOnlyForDeploymentPostprocessing = 0;
		};
/* End PBXFrameworksBuildPhase section */

/* Begin PBXGroup section */
		080E96DDFE201D6D7F000001 /* Classes */ = {
			isa = PBXGroup;
			children = (
				302D95EE14D2391D003F00A1 /* MainViewController.h */,
				302D95EF14D2391D003F00A1 /* MainViewController.m */,
				302D95F014D2391D003F00A1 /* MainViewController.xib */,
				1D3623240D0F684500981E51 /* AppDelegate.h */,
				1D3623250D0F684500981E51 /* AppDelegate.m */,
			);
			name = Classes;
			path = "微打卡/Classes";
			sourceTree = SOURCE_ROOT;
		};
		19C28FACFE9D520D11CA2CBB /* Products */ = {
			isa = PBXGroup;
			children = (
				1D6058910D05DD3D006BFB54 /* 微打卡.app */,
			);
			name = Products;
			sourceTree = "<group>";
		};
		29B97314FDCFA39411CA2CEA /* CustomTemplate */ = {
			isa = PBXGroup;
			children = (
				27D0AFEC1D94E0F700D8D653 /* 微打卡.entitlements */,
				EB87FDF41871DAF40020F90C /* config.xml */,
				EB87FDF31871DA8E0020F90C /* www */,
				EB87FDF11871DA420020F90C /* Staging */,
				301BF52D109A57CC0062928A /* CordovaLib.xcodeproj */,
				080E96DDFE201D6D7F000001 /* Classes */,
				307C750510C5A3420062BCA9 /* Plugins */,
				29B97315FDCFA39411CA2CEA /* Other Sources */,
				29B97317FDCFA39411CA2CEA /* Resources */,
				29B97323FDCFA39411CA2CEA /* Frameworks */,
				19C28FACFE9D520D11CA2CBB /* Products */,
			);
			name = CustomTemplate;
			sourceTree = "<group>";
		};
		29B97315FDCFA39411CA2CEA /* Other Sources */ = {
			isa = PBXGroup;
			children = (
				2770C2481DEEC956000B5D95 /* TencentOpenApi_IOS_Bundle.bundle */,
				32CA4F630368D1EE00C91783 /* 微打卡-Prefix.pch */,
				29B97316FDCFA39411CA2CEA /* main.m */,
				ED33DF2A687741AEAF9F8254 /* Bridging-Header.h */,
			);
			name = "Other Sources";
			path = "微打卡";
			sourceTree = "<group>";
		};
		29B97317FDCFA39411CA2CEA /* Resources */ = {
			isa = PBXGroup;
			children = (
				27F87B671E0AC35200779934 /* MiPassport.bundle */,
				0207DA571B56EA530066E2B4 /* Images.xcassets */,
				3047A50E1AB8057F00498E2A /* config */,
				8D1107310486CEB800E47090 /* 微打卡-Info.plist */,
				2E1F52A30E2F474FBFB05F09 /* PushConfig.plist */,
				4C75A2880532478A8A27750D /* WeiboSDK.bundle */,
			);
			name = Resources;
			path = "微打卡/Resources";
			sourceTree = "<group>";
		};
		29B97323FDCFA39411CA2CEA /* Frameworks */ = {
			isa = PBXGroup;
			children = (
				27F87B651E0AC34100779934 /* MiPassport.framework */,
				2770C2491DEEC956000B5D95 /* TencentOpenAPI.framework */,
				27D9DD2C1D93F1BD0007BE3A /* libiconv.tbd */,
				27D9DD2A1D93F1B60007BE3A /* libstdc++.tbd */,
				27D9DD281D93F1990007BE3A /* AdSupport.framework */,
				27D9DD261D93F1910007BE3A /* AVFoundation.framework */,
				27D9DD241D93F1840007BE3A /* UIKit.framework */,
				27D9DD221D93F1730007BE3A /* CoreFoundation.framework */,
				27D9DD201D93F1690007BE3A /* CFNetwork.framework */,
				27D9DD1E1D93F1580007BE3A /* MobileCoreServices.framework */,
				27D9DD1C1D93F14A0007BE3A /* CoreGraphics.framework */,
				27D9DD1A1D93F13C0007BE3A /* AssetsLibrary.framework */,
				27D9DCC91D93E9E90007BE3A /* libMobClickLibrary.a */,
				27D9DCCA1D93E9E90007BE3A /* libUMCheckUpdate.a */,
				26A46A7FCFF54F1F9B81424E /* QuartzCore.framework */,
				BD4A49517D6846B7B4D1EED6 /* ImageIO.framework */,
				F3BC997D01004337AF6DBFBE /* SystemConfiguration.framework */,
				327E65C8BFF64DAC8B487E1D /* Security.framework */,
				7477E4B082F44E139A9244A2 /* CoreTelephony.framework */,
				471E4547E5D3467FB12AE5D7 /* CoreText.framework */,
				AF48178D3F83471093EB2749 /* Foundation.framework */,
				AAC2EB43E672429A90A4856F /* libz.tbd */,
				D56075F1707D4F1181D83B37 /* libsqlite3.tbd */,
				91027593E2E8435699C7138D /* jpush-ios-2.1.9.a */,
				AC4748512E274B948CC351C8 /* UserNotifications.framework */,
				3506DE29135448BAB050A570 /* Social.framework */,
				5DAE1AB689854AE18A9BF75C /* MessageUI.framework */,
				F0F9D76F7F454EBB906570A7 /* libWeiboSDK.a */,
				C7B1D47BF65D412D80B5EF37 /* libWeChatSDK.a */,
				A92810FC56AB4051B2BC3F38 /* libsqlite3.0.tbd */,
				DA64E5727F974CDFB55E164F /* libstdc++.6.tbd */,
			);
			name = Frameworks;
			sourceTree = "<group>";
		};
		301BF52E109A57CC0062928A /* Products */ = {
			isa = PBXGroup;
			children = (
				301BF535109A57CC0062928A /* libCordova.a */,
			);
			name = Products;
			sourceTree = "<group>";
		};
		3047A50E1AB8057F00498E2A /* config */ = {
			isa = PBXGroup;
			children = (
				3047A50F1AB8059700498E2A /* build-debug.xcconfig */,
				3047A5101AB8059700498E2A /* build-release.xcconfig */,
				3047A5111AB8059700498E2A /* build.xcconfig */,
			);
			name = config;
			sourceTree = "<group>";
		};
		307C750510C5A3420062BCA9 /* Plugins */ = {
			isa = PBXGroup;
			children = (
				27D0AFED1D94E41C00D8D653 /* CDVAppRate.h */,
				27D0AFEE1D94E41C00D8D653 /* CDVAppRate.m */,
				27D9DD0A1D93EA850007BE3A /* CDVSplashScreen.h */,
				27D9DD0B1D93EA850007BE3A /* CDVSplashScreen.m */,
				27D9DD0C1D93EA850007BE3A /* CDVViewController+SplashScreen.h */,
				27D9DD0D1D93EA850007BE3A /* CDVViewController+SplashScreen.m */,
				27D9DD051D93EA6C0007BE3A /* YCQQ.h */,
				27D9DD061D93EA6C0007BE3A /* YCQQ.m */,
				27D9DD021D93EA640007BE3A /* CDVFileTransfer.h */,
				27D9DD031D93EA640007BE3A /* CDVFileTransfer.m */,
				27D9DCF91D93EA5E0007BE3A /* CDVAssetLibraryFilesystem.h */,
				27D9DCFA1D93EA5E0007BE3A /* CDVAssetLibraryFilesystem.m */,
				27D9DCFB1D93EA5E0007BE3A /* CDVFile.h */,
				27D9DCFC1D93EA5E0007BE3A /* CDVFile.m */,
				27D9DCFD1D93EA5E0007BE3A /* CDVLocalFilesystem.h */,
				27D9DCFE1D93EA5E0007BE3A /* CDVLocalFilesystem.m */,
				27D9DCF61D93EA120007BE3A /* CDVDevice.h */,
				27D9DCF71D93EA120007BE3A /* CDVDevice.m */,
				27D9DCE41D93EA0B0007BE3A /* CTCrop.h */,
				27D9DCE51D93EA0B0007BE3A /* CTCrop.m */,
				27D9DCE61D93EA0B0007BE3A /* PECropRectView.h */,
				27D9DCE71D93EA0B0007BE3A /* PECropRectView.m */,
				27D9DCE81D93EA0B0007BE3A /* PECropView.h */,
				27D9DCE91D93EA0B0007BE3A /* PECropView.m */,
				27D9DCEA1D93EA0B0007BE3A /* PECropViewController.h */,
				27D9DCEB1D93EA0B0007BE3A /* PECropViewController.m */,
				27D9DCEC1D93EA0B0007BE3A /* PEResizeControl.h */,
				27D9DCED1D93EA0B0007BE3A /* PEResizeControl.m */,
				27D9DCEE1D93EA0B0007BE3A /* UIImage+PECrop.h */,
				27D9DCEF1D93EA0B0007BE3A /* UIImage+PECrop.m */,
				27D9DCE11D93E9FE0007BE3A /* CDVLogger.h */,
				27D9DCE21D93E9FE0007BE3A /* CDVLogger.m */,
				27D9DCCD1D93E9FD0007BE3A /* ELCAlbumPickerController.h */,
				27D9DCCE1D93E9FD0007BE3A /* ELCAlbumPickerController.m */,
				27D9DCCF1D93E9FD0007BE3A /* ELCAsset.h */,
				27D9DCD01D93E9FD0007BE3A /* ELCAsset.m */,
				27D9DCD11D93E9FD0007BE3A /* ELCAssetCell.h */,
				27D9DCD21D93E9FD0007BE3A /* ELCAssetCell.m */,
				27D9DCD31D93E9FD0007BE3A /* ELCAssetPickerFilterDelegate.h */,
				27D9DCD41D93E9FD0007BE3A /* ELCAssetSelectionDelegate.h */,
				27D9DCD51D93E9FD0007BE3A /* ELCAssetTablePicker.h */,
				27D9DCD61D93E9FD0007BE3A /* ELCAssetTablePicker.m */,
				27D9DCD71D93E9FD0007BE3A /* ELCImagePickerController.h */,
				27D9DCD81D93E9FD0007BE3A /* ELCImagePickerController.m */,
				27D9DCD91D93E9FD0007BE3A /* SOSPicker.h */,
				27D9DCDA1D93E9FD0007BE3A /* SOSPicker.m */,
				27D9DCC31D93E9E10007BE3A /* AppDelegate+UmengAnalytics.h */,
				27D9DCC41D93E9E10007BE3A /* AppDelegate+UmengAnalytics.m */,
				27D9DCC51D93E9E10007BE3A /* MobClick.h */,
				27D9DCC61D93E9E10007BE3A /* MobClickSocialAnalytics.h */,
				27D9DCC71D93E9E10007BE3A /* UMCheckUpdate.h */,
				A16791349C4C4417982D5A38 /* IonicKeyboard.m */,
				2F464B01E06D4F19A185F713 /* IonicKeyboard.h */,
				B16B12A0B7044296B957A3C6 /* CDVInAppBrowser.m */,
				00E31C7838704E3EAEC9EC08 /* CDVInAppBrowser.h */,
				1ED7BC84827E46F48BEBFA30 /* JPushPlugin.m */,
				614231D2184E4F7188DCC100 /* AppDelegate+JPush.m */,
				862445BC4C54448DA113BA17 /* JPushPlugin.h */,
				484F8F6FB970407295ADE1D6 /* JPUSHService.h */,
				C9FEEB86D36D446F81647E3A /* AppDelegate+JPush.h */,
				8B0605D0EEC144C48359F3C7 /* weibo.m */,
				6662E2F3FA4743FD957D7F4B /* WBHttpRequest.h */,
				AD5E9C074F114B24AD1C9C9A /* WBHttpRequest+WeiboUser.h */,
				241E02A9C4DD4F2B8EACD947 /* WBHttpRequest+WeiboShare.h */,
				F34B25D7FC594DD49F230B8F /* WBHttpRequest+WeiboToken.h */,
				F04EA9F3C1F24DD785FD1792 /* WBHttpRequest+WeiboGame.h */,
				8FADCAE48B384B4BBAAAF213 /* WeiboSDK+Statistics.h */,
				3F183260E26F47CAAA675CF6 /* WBSDKRelationshipButton.h */,
				CB12F861A63D4D08B4415C9E /* WBSDKCommentButton.h */,
				264736F15A43472695CEED91 /* WBSDKBasicButton.h */,
				134DCF154DF940D7B025C1BB /* WeiboSDK.h */,
				29C8C8FE7E714EC889FE5670 /* WeiboUser.h */,
				9DF87C20E60D49248E1D6F56 /* weibo.h */,
				CEC2D77E68D2426DACC628A5 /* CDVWechat.m */,
				3FB8272BB6BF4F5690E5C49D /* CDVWechat.h */,
				D66F066DA8764EC5961A5F49 /* WXApi.h */,
				A8815F32088E4D47A9C28768 /* WXApiObject.h */,
				812904490A264A4A8844C188 /* NSString+URLEncoding.m */,
				B25B553A95604BC299CBF453 /* SocialSharing.m */,
				1D51E33808F04D3A9BE06D89 /* NSString+URLEncoding.h */,
				C3E52202E0B243569B9CE529 /* SocialSharing.h */,
				8BD45E99F3A241098E05420D /* AppConfig.m */,
				8FEECD4D2C374C309E432824 /* CDVXiaomi.m */,
				BCB7B1BE62CD46EEA46F92A0 /* CDVXiaomi.h */,
				957DEC9426CE4EA9AFAE3A49 /* MiPassport.bundle */,
			);
			name = Plugins;
			path = "微打卡/Plugins";
			sourceTree = SOURCE_ROOT;
		};
		EB87FDF11871DA420020F90C /* Staging */ = {
			isa = PBXGroup;
			children = (
				F840E1F0165FE0F500CFE078 /* config.xml */,
				301BF56E109A69640062928A /* www */,
			);
			name = Staging;
			sourceTree = "<group>";
		};
/* End PBXGroup section */

/* Begin PBXNativeTarget section */
		1D6058900D05DD3D006BFB54 /* 微打卡 */ = {
			isa = PBXNativeTarget;
			buildConfigurationList = 1D6058960D05DD3E006BFB54 /* Build configuration list for PBXNativeTarget "微打卡" */;
			buildPhases = (
				304B58A110DAC018002A0835 /* Copy www directory */,
				1D60588D0D05DD3D006BFB54 /* Resources */,
				1D60588E0D05DD3D006BFB54 /* Sources */,
				1D60588F0D05DD3D006BFB54 /* Frameworks */,
			);
			buildRules = (
			);
			dependencies = (
				301BF551109A68C00062928A /* PBXTargetDependency */,
			);
			name = "微打卡";
			productName = "微打卡";
			productReference = 1D6058910D05DD3D006BFB54 /* 微打卡.app */;
			productType = "com.apple.product-type.application";
		};
/* End PBXNativeTarget section */

/* Begin PBXProject section */
		29B97313FDCFA39411CA2CEA /* Project object */ = {
			isa = PBXProject;
			attributes = {
				LastUpgradeCheck = 510;
				TargetAttributes = {
					1D6058900D05DD3D006BFB54 = {
						DevelopmentTeam = P43PJ7KT6H;
						ProvisioningStyle = Manual;
						SystemCapabilities = {
							com.apple.BackgroundModes = {
								enabled = 1;
							};
							com.apple.Push = {
								enabled = 1;
							};
						};
					};
				};
			};
			buildConfigurationList = C01FCF4E08A954540054247B /* Build configuration list for PBXProject "微打卡" */;
			compatibilityVersion = "Xcode 3.2";
			developmentRegion = English;
			hasScannedForEncodings = 1;
			knownRegions = (
				en,
			);
			mainGroup = 29B97314FDCFA39411CA2CEA /* CustomTemplate */;
			projectDirPath = "";
			projectReferences = (
				{
					ProductGroup = 301BF52E109A57CC0062928A /* Products */;
					ProjectRef = 301BF52D109A57CC0062928A /* CordovaLib.xcodeproj */;
				},
			);
			projectRoot = "";
			targets = (
				1D6058900D05DD3D006BFB54 /* 微打卡 */,
			);
		};
/* End PBXProject section */

/* Begin PBXReferenceProxy section */
		301BF535109A57CC0062928A /* libCordova.a */ = {
			isa = PBXReferenceProxy;
			fileType = archive.ar;
			path = libCordova.a;
			remoteRef = 301BF534109A57CC0062928A /* PBXContainerItemProxy */;
			sourceTree = BUILT_PRODUCTS_DIR;
		};
/* End PBXReferenceProxy section */

/* Begin PBXResourcesBuildPhase section */
		1D60588D0D05DD3D006BFB54 /* Resources */ = {
			isa = PBXResourcesBuildPhase;
			buildActionMask = 2147483647;
			files = (
				2770C24A1DEEC956000B5D95 /* TencentOpenApi_IOS_Bundle.bundle in Resources */,
				302D95F214D2391D003F00A1 /* MainViewController.xib in Resources */,
				27F87B681E0AC35200779934 /* MiPassport.bundle in Resources */,
				3047A5131AB8059700498E2A /* build-release.xcconfig in Resources */,
				3047A5141AB8059700498E2A /* build.xcconfig in Resources */,
				0207DA581B56EA530066E2B4 /* Images.xcassets in Resources */,
				3047A5121AB8059700498E2A /* build-debug.xcconfig in Resources */,
				FB05F46019C44A72B67F207B /* PushConfig.plist in Resources */,
				719D153A4D5B49B888695518 /* WeiboSDK.bundle in Resources */,
			);
			runOnlyForDeploymentPostprocessing = 0;
		};
/* End PBXResourcesBuildPhase section */

/* Begin PBXShellScriptBuildPhase section */
		304B58A110DAC018002A0835 /* Copy www directory */ = {
			isa = PBXShellScriptBuildPhase;
			buildActionMask = 2147483647;
			files = (
			);
			inputPaths = (
			);
			name = "Copy www directory";
			outputPaths = (
			);
			runOnlyForDeploymentPostprocessing = 0;
			shellPath = /bin/sh;
			shellScript = "NODEJS_PATH=/usr/local/bin; NVM_NODE_PATH=~/.nvm/versions/node/`nvm version 2>/dev/null`/bin; N_NODE_PATH=`find /usr/local/n/versions/node/* -maxdepth 0 -type d 2>/dev/null | tail -1`/bin; XCODE_NODE_PATH=`xcode-select --print-path`/usr/share/xcs/Node/bin; PATH=$NODEJS_PATH:$NVM_NODE_PATH:$N_NODE_PATH:$XCODE_NODE_PATH:$PATH && node cordova/lib/copy-www-build-step.js";
			showEnvVarsInLog = 0;
		};
/* End PBXShellScriptBuildPhase section */

/* Begin PBXSourcesBuildPhase section */
		1D60588E0D05DD3D006BFB54 /* Sources */ = {
			isa = PBXSourcesBuildPhase;
			buildActionMask = 2147483647;
			files = (
				27D9DCF51D93EA0B0007BE3A /* UIImage+PECrop.m in Sources */,
				27D9DCF01D93EA0B0007BE3A /* CTCrop.m in Sources */,
				27D9DCF81D93EA120007BE3A /* CDVDevice.m in Sources */,
				27D9DCF31D93EA0B0007BE3A /* PECropViewController.m in Sources */,
				27D9DCDB1D93E9FD0007BE3A /* ELCAlbumPickerController.m in Sources */,
				27D9DCFF1D93EA5E0007BE3A /* CDVAssetLibraryFilesystem.m in Sources */,
				27D9DCF21D93EA0B0007BE3A /* PECropView.m in Sources */,
				27D9DCDE1D93E9FD0007BE3A /* ELCAssetTablePicker.m in Sources */,
				1D60589B0D05DD56006BFB54 /* main.m in Sources */,
				27D9DCE31D93E9FE0007BE3A /* CDVLogger.m in Sources */,
				27D9DD0F1D93EA850007BE3A /* CDVViewController+SplashScreen.m in Sources */,
				27D9DD0E1D93EA850007BE3A /* CDVSplashScreen.m in Sources */,
				1D3623260D0F684500981E51 /* AppDelegate.m in Sources */,
				27D9DCDC1D93E9FD0007BE3A /* ELCAsset.m in Sources */,
				27D9DCE01D93E9FD0007BE3A /* SOSPicker.m in Sources */,
				27D9DD001D93EA5E0007BE3A /* CDVFile.m in Sources */,
				27D9DD071D93EA6C0007BE3A /* YCQQ.m in Sources */,
				27D0AFEF1D94E41C00D8D653 /* CDVAppRate.m in Sources */,
				27D9DD041D93EA640007BE3A /* CDVFileTransfer.m in Sources */,
				27D9DCDD1D93E9FD0007BE3A /* ELCAssetCell.m in Sources */,
				27D9DD011D93EA5E0007BE3A /* CDVLocalFilesystem.m in Sources */,
				27D9DCF41D93EA0B0007BE3A /* PEResizeControl.m in Sources */,
				27D9DCC81D93E9E10007BE3A /* AppDelegate+UmengAnalytics.m in Sources */,
				302D95F114D2391D003F00A1 /* MainViewController.m in Sources */,
				27D9DCDF1D93E9FD0007BE3A /* ELCImagePickerController.m in Sources */,
				27D9DCF11D93EA0B0007BE3A /* PECropRectView.m in Sources */,
				C28B7FD370764D38B8355031 /* IonicKeyboard.m in Sources */,
				3A64A48C0EF548A4B0B6EF67 /* CDVInAppBrowser.m in Sources */,
				BD4460805B794D02A1AFD335 /* JPushPlugin.m in Sources */,
				6A44896E9EB543CAB1D2E531 /* AppDelegate+JPush.m in Sources */,
				D429B21F5CD04E90852FDA45 /* weibo.m in Sources */,
				490B4D7DC7CE4F77BD2263AB /* CDVWechat.m in Sources */,
				80CFA66763854C479917A541 /* NSString+URLEncoding.m in Sources */,
				25524C5667374D1CAC2772EA /* SocialSharing.m in Sources */,
				DD136246533F4B59B1D645B3 /* AppConfig.m in Sources */,
				A6463266E1A24F95B73B4380 /* CDVXiaomi.m in Sources */,
			);
			runOnlyForDeploymentPostprocessing = 0;
		};
/* End PBXSourcesBuildPhase section */

/* Begin PBXTargetDependency section */
		301BF551109A68C00062928A /* PBXTargetDependency */ = {
			isa = PBXTargetDependency;
			name = CordovaLib;
			targetProxy = 301BF550109A68C00062928A /* PBXContainerItemProxy */;
		};
/* End PBXTargetDependency section */

/* Begin XCBuildConfiguration section */
		1D6058940D05DD3E006BFB54 /* Debug */ = {
			isa = XCBuildConfiguration;
			baseConfigurationReference = 3047A50F1AB8059700498E2A /* build-debug.xcconfig */;
			buildSettings = {
				ALWAYS_SEARCH_USER_PATHS = NO;
				ASSETCATALOG_COMPILER_APPICON_NAME = AppIcon;
				ASSETCATALOG_COMPILER_LAUNCHIMAGE_NAME = LaunchImage;
				CLANG_ENABLE_MODULES = YES;
				CLANG_ENABLE_OBJC_ARC = YES;
				CODE_SIGN_ENTITLEMENTS = "微打卡/微打卡.entitlements";
				CODE_SIGN_IDENTITY = "iPhone Developer: zhang Jason (TPPVZK6UQ9)";
				"CODE_SIGN_IDENTITY[sdk=iphoneos*]" = "iPhone Developer: zhang Jason (TPPVZK6UQ9)";
				COPY_PHASE_STRIP = NO;
				DEVELOPMENT_TEAM = P43PJ7KT6H;
				FRAMEWORK_SEARCH_PATHS = (
					"$(inherited)",
					"$(PROJECT_DIR)/微打卡/Plugins/cordova-plugin-qqsdk",
					"$(PROJECT_DIR)/微打卡/Plugins/cordova-plugin-xiaomi",
				);
				GCC_DYNAMIC_NO_PIC = NO;
				GCC_OPTIMIZATION_LEVEL = 0;
				GCC_PRECOMPILE_PREFIX_HEADER = YES;
				GCC_PREFIX_HEADER = "微打卡/微打卡-Prefix.pch";
				GCC_THUMB_SUPPORT = NO;
				GCC_VERSION = "";
				INFOPLIST_FILE = "微打卡/微打卡-Info.plist";
				LD_RUNPATH_SEARCH_PATHS = "@executable_path/Frameworks";
				LIBRARY_SEARCH_PATHS = (
					"$(inherited)",
					"$(PROJECT_DIR)/微打卡/Plugins/cn.jpush.phonegap.JPushPlugin",
					"$(PROJECT_DIR)/微打卡/Plugins/com.qiudao.cordova.umeng-analytics",
					"$(PROJECT_DIR)/微打卡/Plugins/xu.li.cordova.wechat",
					"\"$(SRCROOT)/微打卡/Plugins/jpush-phonegap-plugin\"",
					"\"$(SRCROOT)/微打卡/Plugins/cordova-plugin-weibo\"",
					"\"$(SRCROOT)/微打卡/Plugins/cordova-plugin-wechat\"",
					"\"$(SRCROOT)/微打卡/Plugins/cordova-plugin-xiaomi\"",
				);
				PRODUCT_NAME = "微打卡";
				PROVISIONING_PROFILE = "df3955a1-674d-4332-8cca-bace992ef1a6";
				PROVISIONING_PROFILE_SPECIFIER = "weidaka dev";
			};
			name = Debug;
		};
		1D6058950D05DD3E006BFB54 /* Release */ = {
			isa = XCBuildConfiguration;
			baseConfigurationReference = 3047A5101AB8059700498E2A /* build-release.xcconfig */;
			buildSettings = {
				ALWAYS_SEARCH_USER_PATHS = NO;
				ASSETCATALOG_COMPILER_APPICON_NAME = AppIcon;
				ASSETCATALOG_COMPILER_LAUNCHIMAGE_NAME = LaunchImage;
				CLANG_ENABLE_MODULES = YES;
				CLANG_ENABLE_OBJC_ARC = YES;
				CODE_SIGN_ENTITLEMENTS = "微打卡/微打卡.entitlements";
				CODE_SIGN_IDENTITY = "iPhone Distribution: zhang Jason (P43PJ7KT6H)";
				"CODE_SIGN_IDENTITY[sdk=iphoneos*]" = "iPhone Distribution: zhang Jason (P43PJ7KT6H)";
				COPY_PHASE_STRIP = YES;
				DEVELOPMENT_TEAM = P43PJ7KT6H;
				FRAMEWORK_SEARCH_PATHS = (
					"$(inherited)",
					"$(PROJECT_DIR)/微打卡/Plugins/cordova-plugin-qqsdk",
					"$(PROJECT_DIR)/微打卡/Plugins/cordova-plugin-xiaomi",
				);
				GCC_PRECOMPILE_PREFIX_HEADER = YES;
				GCC_PREFIX_HEADER = "微打卡/微打卡-Prefix.pch";
				GCC_THUMB_SUPPORT = NO;
				GCC_VERSION = "";
				INFOPLIST_FILE = "微打卡/微打卡-Info.plist";
				LIBRARY_SEARCH_PATHS = (
					"$(inherited)",
					"$(PROJECT_DIR)/微打卡/Plugins/cn.jpush.phonegap.JPushPlugin",
					"$(PROJECT_DIR)/微打卡/Plugins/com.qiudao.cordova.umeng-analytics",
					"$(PROJECT_DIR)/微打卡/Plugins/xu.li.cordova.wechat",
					"\"$(SRCROOT)/微打卡/Plugins/jpush-phonegap-plugin\"",
					"\"$(SRCROOT)/微打卡/Plugins/cordova-plugin-weibo\"",
					"\"$(SRCROOT)/微打卡/Plugins/cordova-plugin-wechat\"",
					"\"$(SRCROOT)/微打卡/Plugins/cordova-plugin-xiaomi\"",
				);
				PRODUCT_NAME = "微打卡";
				PROVISIONING_PROFILE = "cc17b4df-ebab-4e64-a62c-625dbfa7834c";
				PROVISIONING_PROFILE_SPECIFIER = "weidaka dist";
			};
			name = Release;
		};
		C01FCF4F08A954540054247B /* Debug */ = {
			isa = XCBuildConfiguration;
			baseConfigurationReference = 3047A5111AB8059700498E2A /* build.xcconfig */;
			buildSettings = {
				CLANG_ENABLE_MODULES = YES;
				CLANG_ENABLE_OBJC_ARC = YES;
				CLANG_WARN_BOOL_CONVERSION = YES;
				CLANG_WARN_CONSTANT_CONVERSION = YES;
				CLANG_WARN_EMPTY_BODY = YES;
				CLANG_WARN_ENUM_CONVERSION = YES;
				CLANG_WARN_INT_CONVERSION = YES;
				CLANG_WARN__DUPLICATE_METHOD_MATCH = YES;
				GCC_C_LANGUAGE_STANDARD = c99;
				GCC_THUMB_SUPPORT = NO;
				GCC_VERSION = "";
				GCC_WARN_ABOUT_RETURN_TYPE = YES;
				GCC_WARN_UNDECLARED_SELECTOR = YES;
				GCC_WARN_UNINITIALIZED_AUTOS = YES;
				GCC_WARN_UNUSED_FUNCTION = YES;
				GCC_WARN_UNUSED_VARIABLE = YES;
				ONLY_ACTIVE_ARCH = YES;
				SDKROOT = iphoneos;
				SKIP_INSTALL = NO;
			};
			name = Debug;
		};
		C01FCF5008A954540054247B /* Release */ = {
			isa = XCBuildConfiguration;
			baseConfigurationReference = 3047A5111AB8059700498E2A /* build.xcconfig */;
			buildSettings = {
				CLANG_ENABLE_MODULES = YES;
				CLANG_ENABLE_OBJC_ARC = YES;
				CLANG_WARN_BOOL_CONVERSION = YES;
				CLANG_WARN_CONSTANT_CONVERSION = YES;
				CLANG_WARN_EMPTY_BODY = YES;
				CLANG_WARN_ENUM_CONVERSION = YES;
				CLANG_WARN_INT_CONVERSION = YES;
				CLANG_WARN__DUPLICATE_METHOD_MATCH = YES;
				GCC_C_LANGUAGE_STANDARD = c99;
				GCC_THUMB_SUPPORT = NO;
				GCC_VERSION = "";
				GCC_WARN_ABOUT_RETURN_TYPE = YES;
				GCC_WARN_UNDECLARED_SELECTOR = YES;
				GCC_WARN_UNINITIALIZED_AUTOS = YES;
				GCC_WARN_UNUSED_FUNCTION = YES;
				GCC_WARN_UNUSED_VARIABLE = YES;
				SDKROOT = iphoneos;
				SKIP_INSTALL = NO;
			};
			name = Release;
		};
/* End XCBuildConfiguration section */

/* Begin XCConfigurationList section */
		1D6058960D05DD3E006BFB54 /* Build configuration list for PBXNativeTarget "微打卡" */ = {
			isa = XCConfigurationList;
			buildConfigurations = (
				1D6058940D05DD3E006BFB54 /* Debug */,
				1D6058950D05DD3E006BFB54 /* Release */,
			);
			defaultConfigurationIsVisible = 0;
			defaultConfigurationName = Release;
		};
		C01FCF4E08A954540054247B /* Build configuration list for PBXProject "微打卡" */ = {
			isa = XCConfigurationList;
			buildConfigurations = (
				C01FCF4F08A954540054247B /* Debug */,
				C01FCF5008A954540054247B /* Release */,
			);
			defaultConfigurationIsVisible = 0;
			defaultConfigurationName = Release;
		};
/* End XCConfigurationList section */
	};
	rootObject = 29B97313FDCFA39411CA2CEA /* Project object */;
}
